<?xml version="1.0" encoding="utf-8"?>
<Project ToolsVersion="4.0" xmlns="http://schemas.microsoft.com/developer/msbuild/2003">
  <ItemGroup>
    <Filter Include="소스 파일">
      <UniqueIdentifier>{4FC737F1-C7A5-4376-A066-2A32D752A2FF}</UniqueIdentifier>
      <Extensions>cpp;c;cc;cxx;c++;cppm;ixx;def;odl;idl;hpj;bat;asm;asmx</Extensions>
    </Filter>
    <Filter Include="헤더 파일">
      <UniqueIdentifier>{93995380-89BD-4b04-88EB-625FBE52EBFB}</UniqueIdentifier>
      <Extensions>h;hh;hpp;hxx;h++;hm;inl;inc;ipp;xsd</Extensions>
    </Filter>
    <Filter Include="리소스 파일">
      <UniqueIdentifier>{67DA6AB6-F800-4c08-8B7A-83BB121AAD01}</UniqueIdentifier>
      <Extensions>rc;ico;cur;bmp;dlg;rc2;rct;bin;rgs;gif;jpg;jpeg;jpe;resx;tiff;tif;png;wav;mfcribbon-ms</Extensions>
    </Filter>
    <Filter Include="소스 파일\PEReader">
      <UniqueIdentifier>{39763445-c707-4001-a8ce-c145b9d0bb6d}</UniqueIdentifier>
    </Filter>
    <Filter Include="소스 파일\PEParser">
      <UniqueIdentifier>{60445d27-d8de-4f3d-859e-7434b20b68ac}</UniqueIdentifier>
    </Filter>
    <Filter Include="소스 파일\PEPrinter">
      <UniqueIdentifier>{db813b67-a1de-4939-9fd3-9004ddd54ee1}</UniqueIdentifier>
    </Filter>
    <Filter Include="소스 파일\Command">
      <UniqueIdentifier>{8015f05b-c77a-42df-82e1-1512d48cea14}</UniqueIdentifier>
    </Filter>
    <Filter Include="헤더 파일\Commands">
      <UniqueIdentifier>{3d31e61a-98cb-4403-9a95-d6f843c6cfc7}</UniqueIdentifier>
    </Filter>
    <Filter Include="헤더 파일\Args">
      <UniqueIdentifier>{46025791-b3ae-4086-8687-b051a26a37a0}</UniqueIdentifier>
    </Filter>
    <Filter Include="소스 파일\Args">
      <UniqueIdentifier>{9830ba3b-d206-41bc-a966-cf97197808cb}</UniqueIdentifier>
    </Filter>
    <Filter Include="헤더 파일\PE">
      <UniqueIdentifier>{1589e7fc-f1a4-4275-9d9c-85c3322431d7}</UniqueIdentifier>
    </Filter>
    <Filter Include="헤더 파일\Logger">
      <UniqueIdentifier>{473d2ad9-c097-4653-892f-30df171fc642}</UniqueIdentifier>
    </Filter>
    <Filter Include="소스 파일\Logger">
      <UniqueIdentifier>{7bc8a26c-5b3f-453f-b466-443945d72dfe}</UniqueIdentifier>
    </Filter>
    <Filter Include="헤더 파일\RegUtils">
      <UniqueIdentifier>{51428aff-4e2c-4028-a337-640ec5c26aa9}</UniqueIdentifier>
    </Filter>
    <Filter Include="소스 파일\RegUtils">
      <UniqueIdentifier>{4e7f78db-0155-4853-b6b0-2cdb1160d340}</UniqueIdentifier>
    </Filter>
    <Filter Include="헤더 파일\ReserveFree">
      <UniqueIdentifier>{9663439b-8fb6-4dd0-9841-b3ade532eb8d}</UniqueIdentifier>
    </Filter>
    <Filter Include="소스 파일\ReserveFree">
      <UniqueIdentifier>{2b49b80e-503d-49e0-bd71-81330dd2e1cd}</UniqueIdentifier>
    </Filter>
    <Filter Include="헤더 파일\Watch">
      <UniqueIdentifier>{5cd9baa8-147b-4380-8288-a2693ea642ad}</UniqueIdentifier>
    </Filter>
    <Filter Include="소스 파일\Watch">
      <UniqueIdentifier>{c2157dd8-75ec-4776-b0f1-75a0450d3e1e}</UniqueIdentifier>
    </Filter>
  </ItemGroup>
  <ItemGroup>
    <ClCompile Include="main.cpp">
      <Filter>소스 파일</Filter>
    </ClCompile>
    <ClCompile Include="PEUtils.cpp">
      <Filter>소스 파일</Filter>
    </ClCompile>
    <ClCompile Include="HashMD5Utils.h">
      <Filter>헤더 파일</Filter>
    </ClCompile>
    <ClCompile Include="HashMD5Utils.cpp">
      <Filter>소스 파일</Filter>
    </ClCompile>
    <ClCompile Include="PEFileReader.cpp">
      <Filter>소스 파일\PEReader</Filter>
    </ClCompile>
    <ClCompile Include="PEFileReaderPrivate.cpp">
      <Filter>소스 파일\PEReader</Filter>
    </ClCompile>
    <ClCompile Include="PEProcessReader.cpp">
      <Filter>소스 파일\PEReader</Filter>
    </ClCompile>
    <ClCompile Include="PEProcessReaderPrivate.cpp">
      <Filter>소스 파일\PEReader</Filter>
    </ClCompile>
    <ClCompile Include="PEParserPrivate.cpp">
      <Filter>소스 파일\PEParser</Filter>
    </ClCompile>
    <ClCompile Include="PEParserParseMethod.cpp">
      <Filter>소스 파일\PEParser</Filter>
    </ClCompile>
    <ClCompile Include="PEParser.cpp">
      <Filter>소스 파일\PEParser</Filter>
    </ClCompile>
    <ClCompile Include="PEPrinter.cpp">
      <Filter>소스 파일\PEPrinter</Filter>
    </ClCompile>
    <ClCompile Include="PEPrinterPrivate.cpp">
      <Filter>소스 파일\PEPrinter</Filter>
    </ClCompile>
    <ClCompile Include="CommandNode.cpp">
      <Filter>소스 파일\Command</Filter>
    </ClCompile>
    <ClCompile Include="CommandLineParser.cpp">
      <Filter>소스 파일\Command</Filter>
    </ClCompile>
    <ClCompile Include="PECommandLineParser.cpp">
      <Filter>소스 파일\Command</Filter>
    </ClCompile>
    <ClCompile Include="TStringArgs.h">
      <Filter>헤더 파일\Args</Filter>
    </ClCompile>
    <ClCompile Include="RunnableLambda.cpp">
      <Filter>소스 파일\Command</Filter>
    </ClCompile>
    <ClCompile Include="TCharArgs.cpp">
      <Filter>소스 파일\Args</Filter>
    </ClCompile>
    <ClCompile Include="TStringArgs.cpp">
      <Filter>소스 파일\Args</Filter>
    </ClCompile>
    <ClCompile Include="Logger.cpp">
      <Filter>소스 파일\Logger</Filter>
    </ClCompile>
    <ClCompile Include="ErrorLogInfo.cpp">
      <Filter>소스 파일\Logger</Filter>
    </ClCompile>
    <ClCompile Include="RunnableWithOptions.cpp">
      <Filter>소스 파일\Command</Filter>
    </ClCompile>
    <ClCompile Include="Options.cpp">
      <Filter>소스 파일\Args</Filter>
    </ClCompile>
    <ClCompile Include="FileUtil.cpp">
      <Filter>소스 파일</Filter>
    </ClCompile>
    <ClCompile Include="PETests.cpp">
      <Filter>소스 파일</Filter>
    </ClCompile>
    <ClCompile Include="RegUtil.cpp">
      <Filter>소스 파일\RegUtils</Filter>
    </ClCompile>
    <ClCompile Include="ReserveDelete.cpp">
      <Filter>소스 파일\ReserveFree</Filter>
    </ClCompile>
    <ClCompile Include="ReserveCloseRegKey.cpp">
      <Filter>소스 파일\ReserveFree</Filter>
    </ClCompile>
    <ClCompile Include="RegWatch.cpp">
      <Filter>소스 파일\Watch</Filter>
    </ClCompile>
    <ClCompile Include="LoggerCompatibility.cpp">
      <Filter>소스 파일\Logger</Filter>
    </ClCompile>
  </ItemGroup>
  <ItemGroup>
    <ClInclude Include="typedef.h">
      <Filter>헤더 파일</Filter>
    </ClInclude>
    <ClInclude Include="PEUtils.h">
      <Filter>헤더 파일</Filter>
    </ClInclude>
    <ClInclude Include="ICommandLineParser.h">
      <Filter>헤더 파일\Commands</Filter>
    </ClInclude>
    <ClInclude Include="ICommandNode.h">
      <Filter>헤더 파일\Commands</Filter>
    </ClInclude>
    <ClInclude Include="CommandNode.h">
      <Filter>헤더 파일\Commands</Filter>
    </ClInclude>
    <ClInclude Include="PECommandLineParser.h">
      <Filter>헤더 파일\Commands</Filter>
    </ClInclude>
    <ClInclude Include="CommandLineParser.h">
      <Filter>헤더 파일\Commands</Filter>
    </ClInclude>
    <ClInclude Include="IRunnable.h">
      <Filter>헤더 파일\Commands</Filter>
    </ClInclude>
    <ClInclude Include="IArgs.h">
      <Filter>헤더 파일\Args</Filter>
    </ClInclude>
    <ClInclude Include="TCharArgs.h">
      <Filter>헤더 파일\Args</Filter>
    </ClInclude>
    <ClInclude Include="RunnableBasic.h">
      <Filter>헤더 파일\Commands</Filter>
    </ClInclude>
    <ClInclude Include="IRunnableBasic.h">
      <Filter>헤더 파일\Commands</Filter>
    </ClInclude>
    <ClInclude Include="IPEReader.h">
      <Filter>헤더 파일\PE</Filter>
    </ClInclude>
    <ClInclude Include="IPEParser.h">
      <Filter>헤더 파일\PE</Filter>
    </ClInclude>
    <ClInclude Include="PEParser.h">
      <Filter>헤더 파일\PE</Filter>
    </ClInclude>
    <ClInclude Include="PEPrinter.h">
      <Filter>헤더 파일\PE</Filter>
    </ClInclude>
    <ClInclude Include="PEProcessReader.h">
      <Filter>헤더 파일\PE</Filter>
    </ClInclude>
    <ClInclude Include="PEFileReader.h">
      <Filter>헤더 파일\PE</Filter>
    </ClInclude>
    <ClInclude Include="IHashUtils.h">
      <Filter>헤더 파일</Filter>
    </ClInclude>
    <ClInclude Include="ILogger.h">
      <Filter>헤더 파일\Logger</Filter>
    </ClInclude>
    <ClInclude Include="LogDirection.h">
      <Filter>헤더 파일\Logger</Filter>
    </ClInclude>
    <ClInclude Include="LogLevel.h">
      <Filter>헤더 파일\Logger</Filter>
    </ClInclude>
    <ClInclude Include="Logger.h">
      <Filter>헤더 파일\Logger</Filter>
    </ClInclude>
    <ClInclude Include="LogNL.h">
      <Filter>헤더 파일\Logger</Filter>
    </ClInclude>
    <ClInclude Include="ErrorLogInfo.h">
      <Filter>헤더 파일\Logger</Filter>
    </ClInclude>
    <ClInclude Include="CommandAddition.h">
      <Filter>헤더 파일\Commands</Filter>
    </ClInclude>
    <ClInclude Include="RunnableExtend.h">
      <Filter>헤더 파일\Commands</Filter>
    </ClInclude>
    <ClInclude Include="IOptions.h">
      <Filter>헤더 파일\Args</Filter>
    </ClInclude>
    <ClInclude Include="Options.h">
      <Filter>헤더 파일\Args</Filter>
    </ClInclude>
    <ClInclude Include="ArgsAdditional.h">
      <Filter>헤더 파일\Args</Filter>
    </ClInclude>
    <ClInclude Include="FileUtil.h">
      <Filter>헤더 파일</Filter>
    </ClInclude>
    <ClInclude Include="PETests.h">
      <Filter>헤더 파일</Filter>
    </ClInclude>
    <ClInclude Include="RegUtil.h">
      <Filter>헤더 파일\RegUtils</Filter>
    </ClInclude>
    <ClInclude Include="ReserveDelete.h">
      <Filter>헤더 파일\ReserveFree</Filter>
    </ClInclude>
    <ClInclude Include="ReserveCloseRegKey.h">
      <Filter>헤더 파일\ReserveFree</Filter>
    </ClInclude>
    <ClInclude Include="RegInfo.h">
      <Filter>헤더 파일\RegUtils</Filter>
    </ClInclude>
    <ClInclude Include="RegWatch.h">
      <Filter>헤더 파일\Watch</Filter>
    </ClInclude>
    <ClInclude Include="ProcessWatch.h">
      <Filter>헤더 파일\Watch</Filter>
    </ClInclude>
  </ItemGroup>
</Project>